// !$*UTF8*$!
{
	archiveVersion = 1;
	classes = {
	};
	objectVersion = 48;
	objects = {

/* Begin PBXBuildFile section */
		520618D820965B9E00500E97 /* IanH_Upwork.png in Resources */ = {isa = PBXBuildFile; fileRef = 520618D720965B9E00500E97 /* IanH_Upwork.png */; };
		520F142620478799007C8308 /* SettingsViewController.swift in Sources */ = {isa = PBXBuildFile; fileRef = 520F142520478799007C8308 /* SettingsViewController.swift */; };
		524AAE28208074BC003CC061 /* OrthoInsight Logo.jpeg in Resources */ = {isa = PBXBuildFile; fileRef = 524AAE26208074BB003CC061 /* OrthoInsight Logo.jpeg */; };
		52511BD4208C521A00B1F03F /* MessageTableViewCell.swift in Sources */ = {isa = PBXBuildFile; fileRef = 52511BD3208C521900B1F03F /* MessageTableViewCell.swift */; };
		52511BD6208C549300B1F03F /* jackson.jpg in Resources */ = {isa = PBXBuildFile; fileRef = 52511BD5208C549200B1F03F /* jackson.jpg */; };
		52511BD8208C54DA00B1F03F /* MessagesViewController.swift in Sources */ = {isa = PBXBuildFile; fileRef = 52511BD7208C54DA00B1F03F /* MessagesViewController.swift */; };
		5262F3F0203BCD7400F62CC2 /* Charts.framework in Frameworks */ = {isa = PBXBuildFile; fileRef = 5262F3ED203BCD5C00F62CC2 /* Charts.framework */; };
		5262F3F1203BCD7400F62CC2 /* Charts.framework in Embed Frameworks */ = {isa = PBXBuildFile; fileRef = 5262F3ED203BCD5C00F62CC2 /* Charts.framework */; settings = {ATTRIBUTES = (CodeSignOnCopy, RemoveHeadersOnCopy, ); }; };
		526C6DC4208D735C00E1687F /* therpist.jpg in Resources */ = {isa = PBXBuildFile; fileRef = 526C6DC2208D735B00E1687F /* therpist.jpg */; };
		526C6DC820913BF500E1687F /* purple circle.png in Resources */ = {isa = PBXBuildFile; fileRef = 526C6DC620913BF400E1687F /* purple circle.png */; };
		52CE4D59204C9BBD007C578F /* DoctorGridViewController.swift in Sources */ = {isa = PBXBuildFile; fileRef = 52CE4D58204C9BBD007C578F /* DoctorGridViewController.swift */; };
		52CE4D5C204C9F7E007C578F /* DoctorCollectionViewCell.swift in Sources */ = {isa = PBXBuildFile; fileRef = 52CE4D5B204C9F7E007C578F /* DoctorCollectionViewCell.swift */; };
		52CE4D60204CC13F007C578F /* ScannerViewController.swift in Sources */ = {isa = PBXBuildFile; fileRef = 52CE4D5F204CC13F007C578F /* ScannerViewController.swift */; };
		52D183BA2074114600C29310 /* doctor-blank.png in Resources */ = {isa = PBXBuildFile; fileRef = 52D183B92074114600C29310 /* doctor-blank.png */; };
		52E1A61A1FCFC235004A2402 /* AppDelegate.swift in Sources */ = {isa = PBXBuildFile; fileRef = 52E1A6191FCFC235004A2402 /* AppDelegate.swift */; };
		52E1A61C1FCFC235004A2402 /* ViewController.swift in Sources */ = {isa = PBXBuildFile; fileRef = 52E1A61B1FCFC235004A2402 /* ViewController.swift */; };
		52E1A61F1FCFC235004A2402 /* Main.storyboard in Resources */ = {isa = PBXBuildFile; fileRef = 52E1A61D1FCFC235004A2402 /* Main.storyboard */; };
		52E1A6221FCFC235004A2402 /* JoinTech.xcdatamodeld in Sources */ = {isa = PBXBuildFile; fileRef = 52E1A6201FCFC235004A2402 /* JoinTech.xcdatamodeld */; };
		52E1A6241FCFC235004A2402 /* Assets.xcassets in Resources */ = {isa = PBXBuildFile; fileRef = 52E1A6231FCFC235004A2402 /* Assets.xcassets */; };
		52E1A6271FCFC235004A2402 /* LaunchScreen.storyboard in Resources */ = {isa = PBXBuildFile; fileRef = 52E1A6251FCFC235004A2402 /* LaunchScreen.storyboard */; };
		52E1A6321FCFC235004A2402 /* JoinTechTests.swift in Sources */ = {isa = PBXBuildFile; fileRef = 52E1A6311FCFC235004A2402 /* JoinTechTests.swift */; };
		52E1A63D1FCFC235004A2402 /* JoinTechUITests.swift in Sources */ = {isa = PBXBuildFile; fileRef = 52E1A63C1FCFC235004A2402 /* JoinTechUITests.swift */; };
		52E1A6591FCFD4A6004A2402 /* StartUpViewController.swift in Sources */ = {isa = PBXBuildFile; fileRef = 52E1A6581FCFD4A6004A2402 /* StartUpViewController.swift */; };
		52EAAD9F204601C6003750E0 /* LogInViewController.swift in Sources */ = {isa = PBXBuildFile; fileRef = 52EAAD9E204601C6003750E0 /* LogInViewController.swift */; };
/* End PBXBuildFile section */

/* Begin PBXContainerItemProxy section */
		5262F3EC203BCD5C00F62CC2 /* PBXContainerItemProxy */ = {
			isa = PBXContainerItemProxy;
			containerPortal = 5262F3E7203BCD5C00F62CC2 /* Charts.xcodeproj */;
			proxyType = 2;
			remoteGlobalIDString = 65AD9E95D9ED4DC0BD73A743;
			remoteInfo = Charts;
		};
		5262F3EE203BCD5C00F62CC2 /* PBXContainerItemProxy */ = {
			isa = PBXContainerItemProxy;
			containerPortal = 5262F3E7203BCD5C00F62CC2 /* Charts.xcodeproj */;
			proxyType = 2;
			remoteGlobalIDString = 1CBBC58C6CE1EBEE9852CE41;
			remoteInfo = ChartsTests;
		};
		5262F3F2203BCD7400F62CC2 /* PBXContainerItemProxy */ = {
			isa = PBXContainerItemProxy;
			containerPortal = 5262F3E7203BCD5C00F62CC2 /* Charts.xcodeproj */;
			proxyType = 1;
			remoteGlobalIDString = A58A4ED274A941CA248EA921;
			remoteInfo = Charts;
		};
		52E1A62E1FCFC235004A2402 /* PBXContainerItemProxy */ = {
			isa = PBXContainerItemProxy;
			containerPortal = 52E1A60E1FCFC235004A2402 /* Project object */;
			proxyType = 1;
			remoteGlobalIDString = 52E1A6151FCFC235004A2402;
			remoteInfo = JoinTech;
		};
		52E1A6391FCFC235004A2402 /* PBXContainerItemProxy */ = {
			isa = PBXContainerItemProxy;
			containerPortal = 52E1A60E1FCFC235004A2402 /* Project object */;
			proxyType = 1;
			remoteGlobalIDString = 52E1A6151FCFC235004A2402;
			remoteInfo = JoinTech;
		};
/* End PBXContainerItemProxy section */

/* Begin PBXCopyFilesBuildPhase section */
		5262F3F4203BCD7400F62CC2 /* Embed Frameworks */ = {
			isa = PBXCopyFilesBuildPhase;
			buildActionMask = 2147483647;
			dstPath = "";
			dstSubfolderSpec = 10;
			files = (
				5262F3F1203BCD7400F62CC2 /* Charts.framework in Embed Frameworks */,
			);
			name = "Embed Frameworks";
			runOnlyForDeploymentPostprocessing = 0;
		};
/* End PBXCopyFilesBuildPhase section */

/* Begin PBXFileReference section */
		520618D720965B9E00500E97 /* IanH_Upwork.png */ = {isa = PBXFileReference; lastKnownFileType = image.png; path = IanH_Upwork.png; sourceTree = "<group>"; };
		520F142520478799007C8308 /* SettingsViewController.swift */ = {isa = PBXFileReference; lastKnownFileType = sourcecode.swift; path = SettingsViewController.swift; sourceTree = "<group>"; };
		524AAE26208074BB003CC061 /* OrthoInsight Logo.jpeg */ = {isa = PBXFileReference; lastKnownFileType = image.jpeg; path = "OrthoInsight Logo.jpeg"; sourceTree = "<group>"; };
		52511BD3208C521900B1F03F /* MessageTableViewCell.swift */ = {isa = PBXFileReference; lastKnownFileType = sourcecode.swift; path = MessageTableViewCell.swift; sourceTree = "<group>"; };
		52511BD5208C549200B1F03F /* jackson.jpg */ = {isa = PBXFileReference; lastKnownFileType = image.jpeg; path = jackson.jpg; sourceTree = "<group>"; };
		52511BD7208C54DA00B1F03F /* MessagesViewController.swift */ = {isa = PBXFileReference; lastKnownFileType = sourcecode.swift; path = MessagesViewController.swift; sourceTree = "<group>"; };
		5262F3E7203BCD5C00F62CC2 /* Charts.xcodeproj */ = {isa = PBXFileReference; lastKnownFileType = "wrapper.pb-project"; name = Charts.xcodeproj; path = "Charts-master/Charts.xcodeproj"; sourceTree = "<group>"; };
		526C6DC2208D735B00E1687F /* therpist.jpg */ = {isa = PBXFileReference; lastKnownFileType = image.jpeg; path = therpist.jpg; sourceTree = "<group>"; };
		526C6DC620913BF400E1687F /* purple circle.png */ = {isa = PBXFileReference; lastKnownFileType = image.png; path = "purple circle.png"; sourceTree = "<group>"; };
		52CE4D58204C9BBD007C578F /* DoctorGridViewController.swift */ = {isa = PBXFileReference; lastKnownFileType = sourcecode.swift; path = DoctorGridViewController.swift; sourceTree = "<group>"; };
		52CE4D5B204C9F7E007C578F /* DoctorCollectionViewCell.swift */ = {isa = PBXFileReference; lastKnownFileType = sourcecode.swift; path = DoctorCollectionViewCell.swift; sourceTree = "<group>"; };
		52CE4D5F204CC13F007C578F /* ScannerViewController.swift */ = {isa = PBXFileReference; lastKnownFileType = sourcecode.swift; path = ScannerViewController.swift; sourceTree = "<group>"; };
		52D183B92074114600C29310 /* doctor-blank.png */ = {isa = PBXFileReference; lastKnownFileType = image.png; path = "doctor-blank.png"; sourceTree = "<group>"; };
		52E1A6161FCFC235004A2402 /* JoinTech.app */ = {isa = PBXFileReference; explicitFileType = wrapper.application; includeInIndex = 0; path = JoinTech.app; sourceTree = BUILT_PRODUCTS_DIR; };
		52E1A6191FCFC235004A2402 /* AppDelegate.swift */ = {isa = PBXFileReference; lastKnownFileType = sourcecode.swift; path = AppDelegate.swift; sourceTree = "<group>"; };
		52E1A61B1FCFC235004A2402 /* ViewController.swift */ = {isa = PBXFileReference; lastKnownFileType = sourcecode.swift; path = ViewController.swift; sourceTree = "<group>"; };
		52E1A61E1FCFC235004A2402 /* Base */ = {isa = PBXFileReference; lastKnownFileType = file.storyboard; name = Base; path = Base.lproj/Main.storyboard; sourceTree = "<group>"; };
		52E1A6211FCFC235004A2402 /* JoinTech.xcdatamodel */ = {isa = PBXFileReference; lastKnownFileType = wrapper.xcdatamodel; path = JoinTech.xcdatamodel; sourceTree = "<group>"; };
		52E1A6231FCFC235004A2402 /* Assets.xcassets */ = {isa = PBXFileReference; lastKnownFileType = folder.assetcatalog; path = Assets.xcassets; sourceTree = "<group>"; };
		52E1A6261FCFC235004A2402 /* Base */ = {isa = PBXFileReference; lastKnownFileType = file.storyboard; name = Base; path = Base.lproj/LaunchScreen.storyboard; sourceTree = "<group>"; };
		52E1A6281FCFC235004A2402 /* Info.plist */ = {isa = PBXFileReference; lastKnownFileType = text.plist.xml; path = Info.plist; sourceTree = "<group>"; };
		52E1A62D1FCFC235004A2402 /* JoinTechTests.xctest */ = {isa = PBXFileReference; explicitFileType = wrapper.cfbundle; includeInIndex = 0; path = JoinTechTests.xctest; sourceTree = BUILT_PRODUCTS_DIR; };
		52E1A6311FCFC235004A2402 /* JoinTechTests.swift */ = {isa = PBXFileReference; lastKnownFileType = sourcecode.swift; path = JoinTechTests.swift; sourceTree = "<group>"; };
		52E1A6331FCFC235004A2402 /* Info.plist */ = {isa = PBXFileReference; lastKnownFileType = text.plist.xml; path = Info.plist; sourceTree = "<group>"; };
		52E1A6381FCFC235004A2402 /* JoinTechUITests.xctest */ = {isa = PBXFileReference; explicitFileType = wrapper.cfbundle; includeInIndex = 0; path = JoinTechUITests.xctest; sourceTree = BUILT_PRODUCTS_DIR; };
		52E1A63C1FCFC235004A2402 /* JoinTechUITests.swift */ = {isa = PBXFileReference; lastKnownFileType = sourcecode.swift; path = JoinTechUITests.swift; sourceTree = "<group>"; };
		52E1A63E1FCFC235004A2402 /* Info.plist */ = {isa = PBXFileReference; lastKnownFileType = text.plist.xml; path = Info.plist; sourceTree = "<group>"; };
		52E1A6581FCFD4A6004A2402 /* StartUpViewController.swift */ = {isa = PBXFileReference; lastKnownFileType = sourcecode.swift; path = StartUpViewController.swift; sourceTree = "<group>"; };
		52EAAD9E204601C6003750E0 /* LogInViewController.swift */ = {isa = PBXFileReference; lastKnownFileType = sourcecode.swift; path = LogInViewController.swift; sourceTree = "<group>"; };
/* End PBXFileReference section */

/* Begin PBXFrameworksBuildPhase section */
		52E1A6131FCFC235004A2402 /* Frameworks */ = {
			isa = PBXFrameworksBuildPhase;
			buildActionMask = 2147483647;
			files = (
				5262F3F0203BCD7400F62CC2 /* Charts.framework in Frameworks */,
			);
			runOnlyForDeploymentPostprocessing = 0;
		};
		52E1A62A1FCFC235004A2402 /* Frameworks */ = {
			isa = PBXFrameworksBuildPhase;
			buildActionMask = 2147483647;
			files = (
			);
			runOnlyForDeploymentPostprocessing = 0;
		};
		52E1A6351FCFC235004A2402 /* Frameworks */ = {
			isa = PBXFrameworksBuildPhase;
			buildActionMask = 2147483647;
			files = (
			);
			runOnlyForDeploymentPostprocessing = 0;
		};
/* End PBXFrameworksBuildPhase section */

/* Begin PBXGroup section */
		5262F3E8203BCD5C00F62CC2 /* Products */ = {
			isa = PBXGroup;
			children = (
				5262F3ED203BCD5C00F62CC2 /* Charts.framework */,
				5262F3EF203BCD5C00F62CC2 /* ChartsTests.xctest */,
			);
			name = Products;
			sourceTree = "<group>";
		};
		52E1A60D1FCFC235004A2402 = {
			isa = PBXGroup;
			children = (
				5262F3E7203BCD5C00F62CC2 /* Charts.xcodeproj */,
				52E1A6181FCFC235004A2402 /* JoinTech */,
				52E1A6301FCFC235004A2402 /* JoinTechTests */,
				52E1A63B1FCFC235004A2402 /* JoinTechUITests */,
				52E1A6171FCFC235004A2402 /* Products */,
			);
			sourceTree = "<group>";
		};
		52E1A6171FCFC235004A2402 /* Products */ = {
			isa = PBXGroup;
			children = (
				52E1A6161FCFC235004A2402 /* JoinTech.app */,
				52E1A62D1FCFC235004A2402 /* JoinTechTests.xctest */,
				52E1A6381FCFC235004A2402 /* JoinTechUITests.xctest */,
			);
			name = Products;
			sourceTree = "<group>";
		};
		52E1A6181FCFC235004A2402 /* JoinTech */ = {
			isa = PBXGroup;
			children = (
				52511BD5208C549200B1F03F /* jackson.jpg */,
				520618D720965B9E00500E97 /* IanH_Upwork.png */,
				524AAE26208074BB003CC061 /* OrthoInsight Logo.jpeg */,
				526C6DC2208D735B00E1687F /* therpist.jpg */,
				52D183B92074114600C29310 /* doctor-blank.png */,
				526C6DC620913BF400E1687F /* purple circle.png */,
				52E1A6191FCFC235004A2402 /* AppDelegate.swift */,
				52E1A61B1FCFC235004A2402 /* ViewController.swift */,
				52E1A6581FCFD4A6004A2402 /* StartUpViewController.swift */,
				52E1A61D1FCFC235004A2402 /* Main.storyboard */,
				52511BD7208C54DA00B1F03F /* MessagesViewController.swift */,
				52511BD3208C521900B1F03F /* MessageTableViewCell.swift */,
				52CE4D5F204CC13F007C578F /* ScannerViewController.swift */,
				52CE4D58204C9BBD007C578F /* DoctorGridViewController.swift */,
				52CE4D5B204C9F7E007C578F /* DoctorCollectionViewCell.swift */,
				520F142520478799007C8308 /* SettingsViewController.swift */,
				52EAAD9E204601C6003750E0 /* LogInViewController.swift */,
				52E1A6231FCFC235004A2402 /* Assets.xcassets */,
				52E1A6251FCFC235004A2402 /* LaunchScreen.storyboard */,
				52E1A6281FCFC235004A2402 /* Info.plist */,
				52E1A6201FCFC235004A2402 /* JoinTech.xcdatamodeld */,
			);
			path = JoinTech;
			sourceTree = "<group>";
		};
		52E1A6301FCFC235004A2402 /* JoinTechTests */ = {
			isa = PBXGroup;
			children = (
				52E1A6311FCFC235004A2402 /* JoinTechTests.swift */,
				52E1A6331FCFC235004A2402 /* Info.plist */,
			);
			path = JoinTechTests;
			sourceTree = "<group>";
		};
		52E1A63B1FCFC235004A2402 /* JoinTechUITests */ = {
			isa = PBXGroup;
			children = (
				52E1A63C1FCFC235004A2402 /* JoinTechUITests.swift */,
				52E1A63E1FCFC235004A2402 /* Info.plist */,
			);
			path = JoinTechUITests;
			sourceTree = "<group>";
		};
/* End PBXGroup section */

/* Begin PBXNativeTarget section */
		52E1A6151FCFC235004A2402 /* JoinTech */ = {
			isa = PBXNativeTarget;
			buildConfigurationList = 52E1A6411FCFC235004A2402 /* Build configuration list for PBXNativeTarget "JoinTech" */;
			buildPhases = (
				52E1A6121FCFC235004A2402 /* Sources */,
				52E1A6131FCFC235004A2402 /* Frameworks */,
				52E1A6141FCFC235004A2402 /* Resources */,
				5262F3F4203BCD7400F62CC2 /* Embed Frameworks */,
			);
			buildRules = (
			);
			dependencies = (
				5262F3F3203BCD7400F62CC2 /* PBXTargetDependency */,
			);
			name = JoinTech;
			productName = JoinTech;
			productReference = 52E1A6161FCFC235004A2402 /* JoinTech.app */;
			productType = "com.apple.product-type.application";
		};
		52E1A62C1FCFC235004A2402 /* JoinTechTests */ = {
			isa = PBXNativeTarget;
			buildConfigurationList = 52E1A6441FCFC235004A2402 /* Build configuration list for PBXNativeTarget "JoinTechTests" */;
			buildPhases = (
				52E1A6291FCFC235004A2402 /* Sources */,
				52E1A62A1FCFC235004A2402 /* Frameworks */,
				52E1A62B1FCFC235004A2402 /* Resources */,
			);
			buildRules = (
			);
			dependencies = (
				52E1A62F1FCFC235004A2402 /* PBXTargetDependency */,
			);
			name = JoinTechTests;
			productName = JoinTechTests;
			productReference = 52E1A62D1FCFC235004A2402 /* JoinTechTests.xctest */;
			productType = "com.apple.product-type.bundle.unit-test";
		};
		52E1A6371FCFC235004A2402 /* JoinTechUITests */ = {
			isa = PBXNativeTarget;
			buildConfigurationList = 52E1A6471FCFC235004A2402 /* Build configuration list for PBXNativeTarget "JoinTechUITests" */;
			buildPhases = (
				52E1A6341FCFC235004A2402 /* Sources */,
				52E1A6351FCFC235004A2402 /* Frameworks */,
				52E1A6361FCFC235004A2402 /* Resources */,
			);
			buildRules = (
			);
			dependencies = (
				52E1A63A1FCFC235004A2402 /* PBXTargetDependency */,
			);
			name = JoinTechUITests;
			productName = JoinTechUITests;
			productReference = 52E1A6381FCFC235004A2402 /* JoinTechUITests.xctest */;
			productType = "com.apple.product-type.bundle.ui-testing";
		};
/* End PBXNativeTarget section */

/* Begin PBXProject section */
		52E1A60E1FCFC235004A2402 /* Project object */ = {
			isa = PBXProject;
			attributes = {
				LastSwiftUpdateCheck = 0910;
				LastUpgradeCheck = 0910;
				ORGANIZATIONNAME = "John Mottole";
				TargetAttributes = {
					52E1A6151FCFC235004A2402 = {
						CreatedOnToolsVersion = 9.1;
						ProvisioningStyle = Automatic;
					};
					52E1A62C1FCFC235004A2402 = {
						CreatedOnToolsVersion = 9.1;
						ProvisioningStyle = Automatic;
						TestTargetID = 52E1A6151FCFC235004A2402;
					};
					52E1A6371FCFC235004A2402 = {
						CreatedOnToolsVersion = 9.1;
						ProvisioningStyle = Automatic;
						TestTargetID = 52E1A6151FCFC235004A2402;
					};
				};
			};
			buildConfigurationList = 52E1A6111FCFC235004A2402 /* Build configuration list for PBXProject "JoinTech" */;
			compatibilityVersion = "Xcode 8.0";
			developmentRegion = en;
			hasScannedForEncodings = 0;
			knownRegions = (
				en,
				Base,
			);
			mainGroup = 52E1A60D1FCFC235004A2402;
			productRefGroup = 52E1A6171FCFC235004A2402 /* Products */;
			projectDirPath = "";
			projectReferences = (
				{
					ProductGroup = 5262F3E8203BCD5C00F62CC2 /* Products */;
					ProjectRef = 5262F3E7203BCD5C00F62CC2 /* Charts.xcodeproj */;
				},
			);
			projectRoot = "";
			targets = (
				52E1A6151FCFC235004A2402 /* JoinTech */,
				52E1A62C1FCFC235004A2402 /* JoinTechTests */,
				52E1A6371FCFC235004A2402 /* JoinTechUITests */,
			);
		};
/* End PBXProject section */

/* Begin PBXReferenceProxy section */
		5262F3ED203BCD5C00F62CC2 /* Charts.framework */ = {
			isa = PBXReferenceProxy;
			fileType = wrapper.framework;
			path = Charts.framework;
			remoteRef = 5262F3EC203BCD5C00F62CC2 /* PBXContainerItemProxy */;
			sourceTree = BUILT_PRODUCTS_DIR;
		};
		5262F3EF203BCD5C00F62CC2 /* ChartsTests.xctest */ = {
			isa = PBXReferenceProxy;
			fileType = wrapper.cfbundle;
			path = ChartsTests.xctest;
			remoteRef = 5262F3EE203BCD5C00F62CC2 /* PBXContainerItemProxy */;
			sourceTree = BUILT_PRODUCTS_DIR;
		};
/* End PBXReferenceProxy section */

/* Begin PBXResourcesBuildPhase section */
		52E1A6141FCFC235004A2402 /* Resources */ = {
			isa = PBXResourcesBuildPhase;
			buildActionMask = 2147483647;
			files = (
				520618D820965B9E00500E97 /* IanH_Upwork.png in Resources */,
				52E1A6271FCFC235004A2402 /* LaunchScreen.storyboard in Resources */,
				52511BD6208C549300B1F03F /* jackson.jpg in Resources */,
				52E1A6241FCFC235004A2402 /* Assets.xcassets in Resources */,
				524AAE28208074BC003CC061 /* OrthoInsight Logo.jpeg in Resources */,
				526C6DC4208D735C00E1687F /* therpist.jpg in Resources */,
				52D183BA2074114600C29310 /* doctor-blank.png in Resources */,
				526C6DC820913BF500E1687F /* purple circle.png in Resources */,
				52E1A61F1FCFC235004A2402 /* Main.storyboard in Resources */,
			);
			runOnlyForDeploymentPostprocessing = 0;
		};
		52E1A62B1FCFC235004A2402 /* Resources */ = {
			isa = PBXResourcesBuildPhase;
			buildActionMask = 2147483647;
			files = (
			);
			runOnlyForDeploymentPostprocessing = 0;
		};
		52E1A6361FCFC235004A2402 /* Resources */ = {
			isa = PBXResourcesBuildPhase;
			buildActionMask = 2147483647;
			files = (
			);
			runOnlyForDeploymentPostprocessing = 0;
		};
/* End PBXResourcesBuildPhase section */

/* Begin PBXSourcesBuildPhase section */
		52E1A6121FCFC235004A2402 /* Sources */ = {
			isa = PBXSourcesBuildPhase;
			buildActionMask = 2147483647;
			files = (
				52E1A6591FCFD4A6004A2402 /* StartUpViewController.swift in Sources */,
				52CE4D59204C9BBD007C578F /* DoctorGridViewController.swift in Sources */,
				52E1A61C1FCFC235004A2402 /* ViewController.swift in Sources */,
				52CE4D5C204C9F7E007C578F /* DoctorCollectionViewCell.swift in Sources */,
				52511BD4208C521A00B1F03F /* MessageTableViewCell.swift in Sources */,
				52CE4D60204CC13F007C578F /* ScannerViewController.swift in Sources */,
				52511BD8208C54DA00B1F03F /* MessagesViewController.swift in Sources */,
				52E1A6221FCFC235004A2402 /* JoinTech.xcdatamodeld in Sources */,
				52EAAD9F204601C6003750E0 /* LogInViewController.swift in Sources */,
				52E1A61A1FCFC235004A2402 /* AppDelegate.swift in Sources */,
				520F142620478799007C8308 /* SettingsViewController.swift in Sources */,
			);
			runOnlyForDeploymentPostprocessing = 0;
		};
		52E1A6291FCFC235004A2402 /* Sources */ = {
			isa = PBXSourcesBuildPhase;
			buildActionMask = 2147483647;
			files = (
				52E1A6321FCFC235004A2402 /* JoinTechTests.swift in Sources */,
			);
			runOnlyForDeploymentPostprocessing = 0;
		};
		52E1A6341FCFC235004A2402 /* Sources */ = {
			isa = PBXSourcesBuildPhase;
			buildActionMask = 2147483647;
			files = (
				52E1A63D1FCFC235004A2402 /* JoinTechUITests.swift in Sources */,
			);
			runOnlyForDeploymentPostprocessing = 0;
		};
/* End PBXSourcesBuildPhase section */

/* Begin PBXTargetDependency section */
		5262F3F3203BCD7400F62CC2 /* PBXTargetDependency */ = {
			isa = PBXTargetDependency;
			name = Charts;
			targetProxy = 5262F3F2203BCD7400F62CC2 /* PBXContainerItemProxy */;
		};
		52E1A62F1FCFC235004A2402 /* PBXTargetDependency */ = {
			isa = PBXTargetDependency;
			target = 52E1A6151FCFC235004A2402 /* JoinTech */;
			targetProxy = 52E1A62E1FCFC235004A2402 /* PBXContainerItemProxy */;
		};
		52E1A63A1FCFC235004A2402 /* PBXTargetDependency */ = {
			isa = PBXTargetDependency;
			target = 52E1A6151FCFC235004A2402 /* JoinTech */;
			targetProxy = 52E1A6391FCFC235004A2402 /* PBXContainerItemProxy */;
		};
/* End PBXTargetDependency section */

/* Begin PBXVariantGroup section */
		52E1A61D1FCFC235004A2402 /* Main.storyboard */ = {
			isa = PBXVariantGroup;
			children = (
				52E1A61E1FCFC235004A2402 /* Base */,
			);
			name = Main.storyboard;
			sourceTree = "<group>";
		};
		52E1A6251FCFC235004A2402 /* LaunchScreen.storyboard */ = {
			isa = PBXVariantGroup;
			children = (
				52E1A6261FCFC235004A2402 /* Base */,
			);
			name = LaunchScreen.storyboard;
			sourceTree = "<group>";
		};
/* End PBXVariantGroup section */

/* Begin XCBuildConfiguration section */
		52E1A63F1FCFC235004A2402 /* Debug */ = {
			isa = XCBuildConfiguration;
			buildSettings = {
				ALWAYS_SEARCH_USER_PATHS = NO;
				CLANG_ANALYZER_NONNULL = YES;
				CLANG_ANALYZER_NUMBER_OBJECT_CONVERSION = YES_AGGRESSIVE;
				CLANG_CXX_LANGUAGE_STANDARD = "gnu++14";
				CLANG_CXX_LIBRARY = "libc++";
				CLANG_ENABLE_MODULES = YES;
				CLANG_ENABLE_OBJC_ARC = YES;
				CLANG_WARN_BLOCK_CAPTURE_AUTORELEASING = YES;
				CLANG_WARN_BOOL_CONVERSION = YES;
				CLANG_WARN_COMMA = YES;
				CLANG_WARN_CONSTANT_CONVERSION = YES;
				CLANG_WARN_DIRECT_OBJC_ISA_USAGE = YES_ERROR;
				CLANG_WARN_DOCUMENTATION_COMMENTS = YES;
				CLANG_WARN_EMPTY_BODY = YES;
				CLANG_WARN_ENUM_CONVERSION = YES;
				CLANG_WARN_INFINITE_RECURSION = YES;
				CLANG_WARN_INT_CONVERSION = YES;
				CLANG_WARN_NON_LITERAL_NULL_CONVERSION = YES;
				CLANG_WARN_OBJC_LITERAL_CONVERSION = YES;
				CLANG_WARN_OBJC_ROOT_CLASS = YES_ERROR;
				CLANG_WARN_RANGE_LOOP_ANALYSIS = YES;
				CLANG_WARN_STRICT_PROTOTYPES = YES;
				CLANG_WARN_SUSPICIOUS_MOVE = YES;
				CLANG_WARN_UNGUARDED_AVAILABILITY = YES_AGGRESSIVE;
				CLANG_WARN_UNREACHABLE_CODE = YES;
				CLANG_WARN__DUPLICATE_METHOD_MATCH = YES;
				CODE_SIGN_IDENTITY = "iPhone Developer";
				COPY_PHASE_STRIP = NO;
				DEBUG_INFORMATION_FORMAT = dwarf;
				ENABLE_STRICT_OBJC_MSGSEND = YES;
				ENABLE_TESTABILITY = YES;
				GCC_C_LANGUAGE_STANDARD = gnu11;
				GCC_DYNAMIC_NO_PIC = NO;
				GCC_NO_COMMON_BLOCKS = YES;
				GCC_OPTIMIZATION_LEVEL = 0;
				GCC_PREPROCESSOR_DEFINITIONS = (
					"DEBUG=1",
					"$(inherited)",
				);
				GCC_WARN_64_TO_32_BIT_CONVERSION = YES;
				GCC_WARN_ABOUT_RETURN_TYPE = YES_ERROR;
				GCC_WARN_UNDECLARED_SELECTOR = YES;
				GCC_WARN_UNINITIALIZED_AUTOS = YES_AGGRESSIVE;
				GCC_WARN_UNUSED_FUNCTION = YES;
				GCC_WARN_UNUSED_VARIABLE = YES;
				IPHONEOS_DEPLOYMENT_TARGET = 11.1;
				MTL_ENABLE_DEBUG_INFO = YES;
				ONLY_ACTIVE_ARCH = YES;
				SDKROOT = iphoneos;
				SWIFT_ACTIVE_COMPILATION_CONDITIONS = DEBUG;
				SWIFT_OPTIMIZATION_LEVEL = "-Onone";
			};
			name = Debug;
		};
		52E1A6401FCFC235004A2402 /* Release */ = {
			isa = XCBuildConfiguration;
			buildSettings = {
				ALWAYS_SEARCH_USER_PATHS = NO;
				CLANG_ANALYZER_NONNULL = YES;
				CLANG_ANALYZER_NUMBER_OBJECT_CONVERSION = YES_AGGRESSIVE;
				CLANG_CXX_LANGUAGE_STANDARD = "gnu++14";
				CLANG_CXX_LIBRARY = "libc++";
				CLANG_ENABLE_MODULES = YES;
				CLANG_ENABLE_OBJC_ARC = YES;
				CLANG_WARN_BLOCK_CAPTURE_AUTORELEASING = YES;
				CLANG_WARN_BOOL_CONVERSION = YES;
				CLANG_WARN_COMMA = YES;
				CLANG_WARN_CONSTANT_CONVERSION = YES;
				CLANG_WARN_DIRECT_OBJC_ISA_USAGE = YES_ERROR;
				CLANG_WARN_DOCUMENTATION_COMMENTS = YES;
				CLANG_WARN_EMPTY_BODY = YES;
				CLANG_WARN_ENUM_CONVERSION = YES;
				CLANG_WARN_INFINITE_RECURSION = YES;
				CLANG_WARN_INT_CONVERSION = YES;
				CLANG_WARN_NON_LITERAL_NULL_CONVERSION = YES;
				CLANG_WARN_OBJC_LITERAL_CONVERSION = YES;
				CLANG_WARN_OBJC_ROOT_CLASS = YES_ERROR;
				CLANG_WARN_RANGE_LOOP_ANALYSIS = YES;
				CLANG_WARN_STRICT_PROTOTYPES = YES;
				CLANG_WARN_SUSPICIOUS_MOVE = YES;
				CLANG_WARN_UNGUARDED_AVAILABILITY = YES_AGGRESSIVE;
				CLANG_WARN_UNREACHABLE_CODE = YES;
				CLANG_WARN__DUPLICATE_METHOD_MATCH = YES;
				CODE_SIGN_IDENTITY = "iPhone Developer";
				COPY_PHASE_STRIP = NO;
				DEBUG_INFORMATION_FORMAT = "dwarf-with-dsym";
				ENABLE_NS_ASSERTIONS = NO;
				ENABLE_STRICT_OBJC_MSGSEND = YES;
				GCC_C_LANGUAGE_STANDARD = gnu11;
				GCC_NO_COMMON_BLOCKS = YES;
				GCC_WARN_64_TO_32_BIT_CONVERSION = YES;
				GCC_WARN_ABOUT_RETURN_TYPE = YES_ERROR;
				GCC_WARN_UNDECLARED_SELECTOR = YES;
				GCC_WARN_UNINITIALIZED_AUTOS = YES_AGGRESSIVE;
				GCC_WARN_UNUSED_FUNCTION = YES;
				GCC_WARN_UNUSED_VARIABLE = YES;
				IPHONEOS_DEPLOYMENT_TARGET = 11.1;
				MTL_ENABLE_DEBUG_INFO = NO;
				SDKROOT = iphoneos;
				SWIFT_OPTIMIZATION_LEVEL = "-Owholemodule";
				VALIDATE_PRODUCT = YES;
			};
			name = Release;
		};
		52E1A6421FCFC235004A2402 /* Debug */ = {
			isa = XCBuildConfiguration;
			buildSettings = {
				ALWAYS_EMBED_SWIFT_STANDARD_LIBRARIES = YES;
				ASSETCATALOG_COMPILER_APPICON_NAME = AppIcon;
				CODE_SIGN_STYLE = Automatic;
				DEVELOPMENT_TEAM = U57BQ7LWFP;
				INFOPLIST_FILE = JoinTech/Info.plist;
				LD_RUNPATH_SEARCH_PATHS = "$(inherited) @executable_path/Frameworks";
				PRODUCT_BUNDLE_IDENTIFIER = com.JohnMottole.JoinTech;
				PRODUCT_NAME = "$(TARGET_NAME)";
				SWIFT_VERSION = 4.0;
				TARGETED_DEVICE_FAMILY = "1,2";
			};
			name = Debug;
		};
		52E1A6431FCFC235004A2402 /* Release */ = {
			isa = XCBuildConfiguration;
			buildSettings = {
				ALWAYS_EMBED_SWIFT_STANDARD_LIBRARIES = YES;
				ASSETCATALOG_COMPILER_APPICON_NAME = AppIcon;
				CODE_SIGN_STYLE = Automatic;
				DEVELOPMENT_TEAM = U57BQ7LWFP;
				INFOPLIST_FILE = JoinTech/Info.plist;
				LD_RUNPATH_SEARCH_PATHS = "$(inherited) @executable_path/Frameworks";
				PRODUCT_BUNDLE_IDENTIFIER = com.JohnMottole.JoinTech;
				PRODUCT_NAME = "$(TARGET_NAME)";
				SWIFT_VERSION = 4.0;
				TARGETED_DEVICE_FAMILY = "1,2";
			};
			name = Release;
		};
		52E1A6451FCFC235004A2402 /* Debug */ = {
			isa = XCBuildConfiguration;
			buildSettings = {
				ALWAYS_EMBED_SWIFT_STANDARD_LIBRARIES = YES;
				BUNDLE_LOADER = "$(TEST_HOST)";
				CODE_SIGN_STYLE = Automatic;
				DEVELOPMENT_TEAM = U57BQ7LWFP;
				INFOPLIST_FILE = JoinTechTests/Info.plist;
				LD_RUNPATH_SEARCH_PATHS = "$(inherited) @executable_path/Frameworks @loader_path/Frameworks";
				PRODUCT_BUNDLE_IDENTIFIER = com.JohnMottole.JoinTechTests;
				PRODUCT_NAME = "$(TARGET_NAME)";
				SWIFT_VERSION = 4.0;
				TARGETED_DEVICE_FAMILY = "1,2";
				TEST_HOST = "$(BUILT_PRODUCTS_DIR)/JoinTech.app/JoinTech";
			};
			name = Debug;
		};
		52E1A6461FCFC235004A2402 /* Release */ = {
			isa = XCBuildConfiguration;
			buildSettings = {
				ALWAYS_EMBED_SWIFT_STANDARD_LIBRARIES = YES;
				BUNDLE_LOADER = "$(TEST_HOST)";
				CODE_SIGN_STYLE = Automatic;
				DEVELOPMENT_TEAM = U57BQ7LWFP;
				INFOPLIST_FILE = JoinTechTests/Info.plist;
				LD_RUNPATH_SEARCH_PATHS = "$(inherited) @executable_path/Frameworks @loader_path/Frameworks";
				PRODUCT_BUNDLE_IDENTIFIER = com.JohnMottole.JoinTechTests;
				PRODUCT_NAME = "$(TARGET_NAME)";
				SWIFT_VERSION = 4.0;
				TARGETED_DEVICE_FAMILY = "1,2";
				TEST_HOST = "$(BUILT_PRODUCTS_DIR)/JoinTech.app/JoinTech";
			};
			name = Release;
		};
		52E1A6481FCFC235004A2402 /* Debug */ = {
			isa = XCBuildConfiguration;
			buildSettings = {
				ALWAYS_EMBED_SWIFT_STANDARD_LIBRARIES = YES;
				CODE_SIGN_STYLE = Automatic;
				DEVELOPMENT_TEAM = U57BQ7LWFP;
				INFOPLIST_FILE = JoinTechUITests/Info.plist;
				LD_RUNPATH_SEARCH_PATHS = "$(inherited) @executable_path/Frameworks @loader_path/Frameworks";
				PRODUCT_BUNDLE_IDENTIFIER = com.JohnMottole.JoinTechUITests;
				PRODUCT_NAME = "$(TARGET_NAME)";
				SWIFT_VERSION = 4.0;
				TARGETED_DEVICE_FAMILY = "1,2";
				TEST_TARGET_NAME = JoinTech;
			};
			name = Debug;
		};
		52E1A6491FCFC235004A2402 /* Release */ = {
			isa = XCBuildConfiguration;
			buildSettings = {
				ALWAYS_EMBED_SWIFT_STANDARD_LIBRARIES = YES;
				CODE_SIGN_STYLE = Automatic;
				DEVELOPMENT_TEAM = U57BQ7LWFP;
				INFOPLIST_FILE = JoinTechUITests/Info.plist;
				LD_RUNPATH_SEARCH_PATHS = "$(inherited) @executable_path/Frameworks @loader_path/Frameworks";
				PRODUCT_BUNDLE_IDENTIFIER = com.JohnMottole.JoinTechUITests;
				PRODUCT_NAME = "$(TARGET_NAME)";
				SWIFT_VERSION = 4.0;
				TARGETED_DEVICE_FAMILY = "1,2";
				TEST_TARGET_NAME = JoinTech;
			};
			name = Release;
		};
/* End XCBuildConfiguration section */

/* Begin XCConfigurationList section */
		52E1A6111FCFC235004A2402 /* Build configuration list for PBXProject "JoinTech" */ = {
			isa = XCConfigurationList;
			buildConfigurations = (
				52E1A63F1FCFC235004A2402 /* Debug */,
				52E1A6401FCFC235004A2402 /* Release */,
			);
			defaultConfigurationIsVisible = 0;
			defaultConfigurationName = Release;
		};
		52E1A6411FCFC235004A2402 /* Build configuration list for PBXNativeTarget "JoinTech" */ = {
			isa = XCConfigurationList;
			buildConfigurations = (
				52E1A6421FCFC235004A2402 /* Debug */,
				52E1A6431FCFC235004A2402 /* Release */,
			);
			defaultConfigurationIsVisible = 0;
			defaultConfigurationName = Release;
		};
		52E1A6441FCFC235004A2402 /* Build configuration list for PBXNativeTarget "JoinTechTests" */ = {
			isa = XCConfigurationList;
			buildConfigurations = (
				52E1A6451FCFC235004A2402 /* Debug */,
				52E1A6461FCFC235004A2402 /* Release */,
			);
			defaultConfigurationIsVisible = 0;
			defaultConfigurationName = Release;
		};
		52E1A6471FCFC235004A2402 /* Build configuration list for PBXNativeTarget "JoinTechUITests" */ = {
			isa = XCConfigurationList;
			buildConfigurations = (
				52E1A6481FCFC235004A2402 /* Debug */,
				52E1A6491FCFC235004A2402 /* Release */,
			);
			defaultConfigurationIsVisible = 0;
			defaultConfigurationName = Release;
		};
/* End XCConfigurationList section */

/* Begin XCVersionGroup section */
		52E1A6201FCFC235004A2402 /* JoinTech.xcdatamodeld */ = {
			isa = XCVersionGroup;
			children = (
				52E1A6211FCFC235004A2402 /* JoinTech.xcdatamodel */,
			);
			currentVersion = 52E1A6211FCFC235004A2402 /* JoinTech.xcdatamodel */;
			path = JoinTech.xcdatamodeld;
			sourceTree = "<group>";
			versionGroupType = wrapper.xcdatamodel;
		};
/* End XCVersionGroup section */
	};
	rootObject = 52E1A60E1FCFC235004A2402 /* Project object */;
}
